
Microsoft Visual Studio Solution File, Format Version 12.00
Project("{FAE04EC0-301F-11D3-BF4B-00C04F79EFBC}") = "MovieReview", "MovieReview\MovieReview.csproj", "{9A157068-DC71-4D46-A85C-59C8B50B051F}"
EndProject
Project("{FAE04EC0-301F-11D3-BF4B-00C04F79EFBC}") = "ReadJsonSpike", "ReadJsonSpike\ReadJsonSpike.csproj", "{0F68133B-0430-45AE-92FE-8226083FBBFE}"
EndProject
Project("{FAE04EC0-301F-11D3-BF4B-00C04F79EFBC}") = "MovieReviewTest", "MovieReviewTest\MovieReviewTest.csproj", "{A8BB6EEC-0500-4CBD-BBF6-7AEC184A5B2E}"
EndProject
Global
	GlobalSection(SolutionConfigurationPlatforms) = preSolution
		Debug|Any CPU = Debug|Any CPU
		Release|Any CPU = Release|Any CPU
	EndGlobalSection
	GlobalSection(ProjectConfigurationPlatforms) = postSolution
		{9A157068-DC71-4D46-A85C-59C8B50B051F}.Debug|Any CPU.ActiveCfg = Debug|Any CPU
		{9A157068-DC71-4D46-A85C-59C8B50B051F}.Debug|Any CPU.Build.0 = Debug|Any CPU
		{9A157068-DC71-4D46-A85C-59C8B50B051F}.Release|Any CPU.ActiveCfg = Release|Any CPU
		{9A157068-DC71-4D46-A85C-59C8B50B051F}.Release|Any CPU.Build.0 = Release|Any CPU
		{0F68133B-0430-45AE-92FE-8226083FBBFE}.Debug|Any CPU.ActiveCfg = Debug|Any CPU
		{0F68133B-0430-45AE-92FE-8226083FBBFE}.Debug|Any CPU.Build.0 = Debug|Any CPU
		{0F68133B-0430-45AE-92FE-8226083FBBFE}.Release|Any CPU.ActiveCfg = Release|Any CPU
		{0F68133B-0430-45AE-92FE-8226083FBBFE}.Release|Any CPU.Build.0 = Release|Any CPU
		{A8BB6EEC-0500-4CBD-BBF6-7AEC184A5B2E}.Debug|Any CPU.ActiveCfg = Debug|Any CPU
		{A8BB6EEC-0500-4CBD-BBF6-7AEC184A5B2E}.Debug|Any CPU.Build.0 = Debug|Any CPU
		{A8BB6EEC-0500-4CBD-BBF6-7AEC184A5B2E}.Release|Any CPU.ActiveCfg = Release|Any CPU
		{A8BB6EEC-0500-4CBD-BBF6-7AEC184A5B2E}.Release|Any CPU.Build.0 = Release|Any CPU
	EndGlobalSection
EndGlobal
